// !$*UTF8*$!
{
	archiveVersion = 1;
	classes = {
	};
	objectVersion = 50;
	objects = {

/* Begin PBXBuildFile section */
		21179B0F234ED11700544933 /* AppDelegate.swift in Sources */ = {isa = PBXBuildFile; fileRef = 21179B0E234ED11700544933 /* AppDelegate.swift */; };
		21179B11234ED11700544933 /* SceneDelegate.swift in Sources */ = {isa = PBXBuildFile; fileRef = 21179B10234ED11700544933 /* SceneDelegate.swift */; };
		21179B14234ED11700544933 /* AppStoreClone.xcdatamodeld in Sources */ = {isa = PBXBuildFile; fileRef = 21179B12234ED11700544933 /* AppStoreClone.xcdatamodeld */; };
		21179B16234ED11700544933 /* ContentView.swift in Sources */ = {isa = PBXBuildFile; fileRef = 21179B15234ED11700544933 /* ContentView.swift */; };
		21179B18234ED11900544933 /* Assets.xcassets in Resources */ = {isa = PBXBuildFile; fileRef = 21179B17234ED11900544933 /* Assets.xcassets */; };
		21179B1B234ED11900544933 /* Preview Assets.xcassets in Resources */ = {isa = PBXBuildFile; fileRef = 21179B1A234ED11900544933 /* Preview Assets.xcassets */; };
		21179B1E234ED11900544933 /* LaunchScreen.storyboard in Resources */ = {isa = PBXBuildFile; fileRef = 21179B1C234ED11900544933 /* LaunchScreen.storyboard */; };
		21179B29234ED11900544933 /* AppStoreCloneTests.swift in Sources */ = {isa = PBXBuildFile; fileRef = 21179B28234ED11900544933 /* AppStoreCloneTests.swift */; };
		21179B34234ED11900544933 /* AppStoreCloneUITests.swift in Sources */ = {isa = PBXBuildFile; fileRef = 21179B33234ED11900544933 /* AppStoreCloneUITests.swift */; };
		21324E0223580B4B00A84CFA /* Search.swift in Sources */ = {isa = PBXBuildFile; fileRef = 21324E0123580B4B00A84CFA /* Search.swift */; };
		215870C82373B5D900180D28 /* SearchContract.swift in Sources */ = {isa = PBXBuildFile; fileRef = 215870B22373B5D900180D28 /* SearchContract.swift */; };
		215870C92373B5D900180D28 /* SearchRouter.swift in Sources */ = {isa = PBXBuildFile; fileRef = 215870B32373B5D900180D28 /* SearchRouter.swift */; };
		215870CA2373B5D900180D28 /* SearchPresenter.swift in Sources */ = {isa = PBXBuildFile; fileRef = 215870B52373B5D900180D28 /* SearchPresenter.swift */; };
		215870CC2373B5D900180D28 /* SearchViewController.swift in Sources */ = {isa = PBXBuildFile; fileRef = 215870B82373B5D900180D28 /* SearchViewController.swift */; };
		215870CF2373B5D900180D28 /* SearchResultContract.swift in Sources */ = {isa = PBXBuildFile; fileRef = 215870BD2373B5D900180D28 /* SearchResultContract.swift */; };
		215870D02373B5D900180D28 /* SearchResultRouter.swift in Sources */ = {isa = PBXBuildFile; fileRef = 215870BE2373B5D900180D28 /* SearchResultRouter.swift */; };
		215870D22373B5D900180D28 /* SearchHistoryViewController.xib in Resources */ = {isa = PBXBuildFile; fileRef = 215870C22373B5D900180D28 /* SearchHistoryViewController.xib */; };
		215870D32373B5D900180D28 /* HistoryCell.xib in Resources */ = {isa = PBXBuildFile; fileRef = 215870C42373B5D900180D28 /* HistoryCell.xib */; };
		215870D42373B5D900180D28 /* HistoryCell.swift in Sources */ = {isa = PBXBuildFile; fileRef = 215870C52373B5D900180D28 /* HistoryCell.swift */; };
		215870D52373B5D900180D28 /* SearchResultViewController.swift in Sources */ = {isa = PBXBuildFile; fileRef = 215870C62373B5D900180D28 /* SearchResultViewController.swift */; };
		215870D62373B5D900180D28 /* SearchResultPresenter.swift in Sources */ = {isa = PBXBuildFile; fileRef = 215870C72373B5D900180D28 /* SearchResultPresenter.swift */; };
		21F5B3E62373BA9F0071060B /* String+extension.swift in Sources */ = {isa = PBXBuildFile; fileRef = 21F5B3E52373BA9F0071060B /* String+extension.swift */; };
		21F5B3EF2373BAD00071060B /* UITableView+extension.swift in Sources */ = {isa = PBXBuildFile; fileRef = 21F5B3E82373BACF0071060B /* UITableView+extension.swift */; };
		21F5B3F02373BAD00071060B /* NSObject+extension.swift in Sources */ = {isa = PBXBuildFile; fileRef = 21F5B3E92373BACF0071060B /* NSObject+extension.swift */; };
		21F5B3F12373BAD00071060B /* UIColor+extension.swift in Sources */ = {isa = PBXBuildFile; fileRef = 21F5B3EA2373BACF0071060B /* UIColor+extension.swift */; };
		21F5B3F22373BAD00071060B /* UIView+extension.swift in Sources */ = {isa = PBXBuildFile; fileRef = 21F5B3EB2373BACF0071060B /* UIView+extension.swift */; };
		21F5B3F42373BAD00071060B /* UIAlertController+extension.swift in Sources */ = {isa = PBXBuildFile; fileRef = 21F5B3ED2373BAD00071060B /* UIAlertController+extension.swift */; };
		2CC0C67B097B564A8874DA2D /* Pods_AppStoreCloneTests.framework in Frameworks */ = {isa = PBXBuildFile; fileRef = 273C2A9A813818854650653B /* Pods_AppStoreCloneTests.framework */; };
		5D9ECA215DE03EBF9AF51E33 /* Pods_AppStoreCloneUITests.framework in Frameworks */ = {isa = PBXBuildFile; fileRef = FFB2748F608782CC201118E0 /* Pods_AppStoreCloneUITests.framework */; };
		AE8D0E879ADE3D0D6C5FBB9C /* Pods_AppStoreClone.framework in Frameworks */ = {isa = PBXBuildFile; fileRef = 6C59E72FB18A9168892D1BB6 /* Pods_AppStoreClone.framework */; };
/* End PBXBuildFile section */

/* Begin PBXContainerItemProxy section */
		21179B25234ED11900544933 /* PBXContainerItemProxy */ = {
			isa = PBXContainerItemProxy;
			containerPortal = 21179B03234ED11700544933 /* Project object */;
			proxyType = 1;
			remoteGlobalIDString = 21179B0A234ED11700544933;
			remoteInfo = AppStoreClone;
		};
		21179B30234ED11900544933 /* PBXContainerItemProxy */ = {
			isa = PBXContainerItemProxy;
			containerPortal = 21179B03234ED11700544933 /* Project object */;
			proxyType = 1;
			remoteGlobalIDString = 21179B0A234ED11700544933;
			remoteInfo = AppStoreClone;
		};
/* End PBXContainerItemProxy section */

/* Begin PBXFileReference section */
		21179B0B234ED11700544933 /* AppStoreClone.app */ = {isa = PBXFileReference; explicitFileType = wrapper.application; includeInIndex = 0; path = AppStoreClone.app; sourceTree = BUILT_PRODUCTS_DIR; };
		21179B0E234ED11700544933 /* AppDelegate.swift */ = {isa = PBXFileReference; lastKnownFileType = sourcecode.swift; path = AppDelegate.swift; sourceTree = "<group>"; };
		21179B10234ED11700544933 /* SceneDelegate.swift */ = {isa = PBXFileReference; lastKnownFileType = sourcecode.swift; path = SceneDelegate.swift; sourceTree = "<group>"; };
		21179B13234ED11700544933 /* AppStoreClone.xcdatamodel */ = {isa = PBXFileReference; lastKnownFileType = wrapper.xcdatamodel; path = AppStoreClone.xcdatamodel; sourceTree = "<group>"; };
		21179B15234ED11700544933 /* ContentView.swift */ = {isa = PBXFileReference; lastKnownFileType = sourcecode.swift; path = ContentView.swift; sourceTree = "<group>"; };
		21179B17234ED11900544933 /* Assets.xcassets */ = {isa = PBXFileReference; lastKnownFileType = folder.assetcatalog; path = Assets.xcassets; sourceTree = "<group>"; };
		21179B1A234ED11900544933 /* Preview Assets.xcassets */ = {isa = PBXFileReference; lastKnownFileType = folder.assetcatalog; path = "Preview Assets.xcassets"; sourceTree = "<group>"; };
		21179B1D234ED11900544933 /* Base */ = {isa = PBXFileReference; lastKnownFileType = file.storyboard; name = Base; path = Base.lproj/LaunchScreen.storyboard; sourceTree = "<group>"; };
		21179B1F234ED11900544933 /* Info.plist */ = {isa = PBXFileReference; lastKnownFileType = text.plist.xml; path = Info.plist; sourceTree = "<group>"; };
		21179B24234ED11900544933 /* AppStoreCloneTests.xctest */ = {isa = PBXFileReference; explicitFileType = wrapper.cfbundle; includeInIndex = 0; path = AppStoreCloneTests.xctest; sourceTree = BUILT_PRODUCTS_DIR; };
		21179B28234ED11900544933 /* AppStoreCloneTests.swift */ = {isa = PBXFileReference; lastKnownFileType = sourcecode.swift; path = AppStoreCloneTests.swift; sourceTree = "<group>"; };
		21179B2A234ED11900544933 /* Info.plist */ = {isa = PBXFileReference; lastKnownFileType = text.plist.xml; path = Info.plist; sourceTree = "<group>"; };
		21179B2F234ED11900544933 /* AppStoreCloneUITests.xctest */ = {isa = PBXFileReference; explicitFileType = wrapper.cfbundle; includeInIndex = 0; path = AppStoreCloneUITests.xctest; sourceTree = BUILT_PRODUCTS_DIR; };
		21179B33234ED11900544933 /* AppStoreCloneUITests.swift */ = {isa = PBXFileReference; lastKnownFileType = sourcecode.swift; path = AppStoreCloneUITests.swift; sourceTree = "<group>"; };
		21179B35234ED11900544933 /* Info.plist */ = {isa = PBXFileReference; lastKnownFileType = text.plist.xml; path = Info.plist; sourceTree = "<group>"; };
		21324E0123580B4B00A84CFA /* Search.swift */ = {isa = PBXFileReference; lastKnownFileType = sourcecode.swift; path = Search.swift; sourceTree = "<group>"; };
		215870B22373B5D900180D28 /* SearchContract.swift */ = {isa = PBXFileReference; fileEncoding = 4; lastKnownFileType = sourcecode.swift; path = SearchContract.swift; sourceTree = "<group>"; };
		215870B32373B5D900180D28 /* SearchRouter.swift */ = {isa = PBXFileReference; fileEncoding = 4; lastKnownFileType = sourcecode.swift; path = SearchRouter.swift; sourceTree = "<group>"; };
		215870B52373B5D900180D28 /* SearchPresenter.swift */ = {isa = PBXFileReference; fileEncoding = 4; lastKnownFileType = sourcecode.swift; path = SearchPresenter.swift; sourceTree = "<group>"; };
		215870B82373B5D900180D28 /* SearchViewController.swift */ = {isa = PBXFileReference; fileEncoding = 4; lastKnownFileType = sourcecode.swift; path = SearchViewController.swift; sourceTree = "<group>"; };
		215870BD2373B5D900180D28 /* SearchResultContract.swift */ = {isa = PBXFileReference; fileEncoding = 4; lastKnownFileType = sourcecode.swift; path = SearchResultContract.swift; sourceTree = "<group>"; };
		215870BE2373B5D900180D28 /* SearchResultRouter.swift */ = {isa = PBXFileReference; fileEncoding = 4; lastKnownFileType = sourcecode.swift; path = SearchResultRouter.swift; sourceTree = "<group>"; };
		215870C22373B5D900180D28 /* SearchHistoryViewController.xib */ = {isa = PBXFileReference; fileEncoding = 4; lastKnownFileType = file.xib; path = SearchHistoryViewController.xib; sourceTree = "<group>"; };
		215870C42373B5D900180D28 /* HistoryCell.xib */ = {isa = PBXFileReference; fileEncoding = 4; lastKnownFileType = file.xib; path = HistoryCell.xib; sourceTree = "<group>"; };
		215870C52373B5D900180D28 /* HistoryCell.swift */ = {isa = PBXFileReference; fileEncoding = 4; lastKnownFileType = sourcecode.swift; path = HistoryCell.swift; sourceTree = "<group>"; };
		215870C62373B5D900180D28 /* SearchResultViewController.swift */ = {isa = PBXFileReference; fileEncoding = 4; lastKnownFileType = sourcecode.swift; path = SearchResultViewController.swift; sourceTree = "<group>"; };
		215870C72373B5D900180D28 /* SearchResultPresenter.swift */ = {isa = PBXFileReference; fileEncoding = 4; lastKnownFileType = sourcecode.swift; path = SearchResultPresenter.swift; sourceTree = "<group>"; };
		21F5B3E52373BA9F0071060B /* String+extension.swift */ = {isa = PBXFileReference; fileEncoding = 4; lastKnownFileType = sourcecode.swift; path = "String+extension.swift"; sourceTree = "<group>"; };
		21F5B3E82373BACF0071060B /* UITableView+extension.swift */ = {isa = PBXFileReference; fileEncoding = 4; lastKnownFileType = sourcecode.swift; path = "UITableView+extension.swift"; sourceTree = "<group>"; };
		21F5B3E92373BACF0071060B /* NSObject+extension.swift */ = {isa = PBXFileReference; fileEncoding = 4; lastKnownFileType = sourcecode.swift; path = "NSObject+extension.swift"; sourceTree = "<group>"; };
		21F5B3EA2373BACF0071060B /* UIColor+extension.swift */ = {isa = PBXFileReference; fileEncoding = 4; lastKnownFileType = sourcecode.swift; path = "UIColor+extension.swift"; sourceTree = "<group>"; };
		21F5B3EB2373BACF0071060B /* UIView+extension.swift */ = {isa = PBXFileReference; fileEncoding = 4; lastKnownFileType = sourcecode.swift; path = "UIView+extension.swift"; sourceTree = "<group>"; };
		21F5B3ED2373BAD00071060B /* UIAlertController+extension.swift */ = {isa = PBXFileReference; fileEncoding = 4; lastKnownFileType = sourcecode.swift; path = "UIAlertController+extension.swift"; sourceTree = "<group>"; };
		26F2EABF6DFA99D7FF22489C /* Pods-AppStoreClone.release.xcconfig */ = {isa = PBXFileReference; includeInIndex = 1; lastKnownFileType = text.xcconfig; name = "Pods-AppStoreClone.release.xcconfig"; path = "Pods/Target Support Files/Pods-AppStoreClone/Pods-AppStoreClone.release.xcconfig"; sourceTree = "<group>"; };
		273C2A9A813818854650653B /* Pods_AppStoreCloneTests.framework */ = {isa = PBXFileReference; explicitFileType = wrapper.framework; includeInIndex = 0; path = Pods_AppStoreCloneTests.framework; sourceTree = BUILT_PRODUCTS_DIR; };
		3C3DAA1936ED14C1619011B7 /* Pods-AppStoreCloneUITests.debug.xcconfig */ = {isa = PBXFileReference; includeInIndex = 1; lastKnownFileType = text.xcconfig; name = "Pods-AppStoreCloneUITests.debug.xcconfig"; path = "Pods/Target Support Files/Pods-AppStoreCloneUITests/Pods-AppStoreCloneUITests.debug.xcconfig"; sourceTree = "<group>"; };
		59E30557E7DD06F6F98E666D /* Pods-AppStoreCloneTests.debug.xcconfig */ = {isa = PBXFileReference; includeInIndex = 1; lastKnownFileType = text.xcconfig; name = "Pods-AppStoreCloneTests.debug.xcconfig"; path = "Pods/Target Support Files/Pods-AppStoreCloneTests/Pods-AppStoreCloneTests.debug.xcconfig"; sourceTree = "<group>"; };
		5D14D6037CFEAC37ADFE53F3 /* Pods-AppStoreCloneUITests.release.xcconfig */ = {isa = PBXFileReference; includeInIndex = 1; lastKnownFileType = text.xcconfig; name = "Pods-AppStoreCloneUITests.release.xcconfig"; path = "Pods/Target Support Files/Pods-AppStoreCloneUITests/Pods-AppStoreCloneUITests.release.xcconfig"; sourceTree = "<group>"; };
		6C59E72FB18A9168892D1BB6 /* Pods_AppStoreClone.framework */ = {isa = PBXFileReference; explicitFileType = wrapper.framework; includeInIndex = 0; path = Pods_AppStoreClone.framework; sourceTree = BUILT_PRODUCTS_DIR; };
		7EC21A463E70A3149E52FFFB /* Pods-AppStoreCloneTests.release.xcconfig */ = {isa = PBXFileReference; includeInIndex = 1; lastKnownFileType = text.xcconfig; name = "Pods-AppStoreCloneTests.release.xcconfig"; path = "Pods/Target Support Files/Pods-AppStoreCloneTests/Pods-AppStoreCloneTests.release.xcconfig"; sourceTree = "<group>"; };
		B1D62AA62A62764D815B8B14 /* Pods-AppStoreClone.debug.xcconfig */ = {isa = PBXFileReference; includeInIndex = 1; lastKnownFileType = text.xcconfig; name = "Pods-AppStoreClone.debug.xcconfig"; path = "Pods/Target Support Files/Pods-AppStoreClone/Pods-AppStoreClone.debug.xcconfig"; sourceTree = "<group>"; };
		FFB2748F608782CC201118E0 /* Pods_AppStoreCloneUITests.framework */ = {isa = PBXFileReference; explicitFileType = wrapper.framework; includeInIndex = 0; path = Pods_AppStoreCloneUITests.framework; sourceTree = BUILT_PRODUCTS_DIR; };
/* End PBXFileReference section */

/* Begin PBXFrameworksBuildPhase section */
		21179B08234ED11700544933 /* Frameworks */ = {
			isa = PBXFrameworksBuildPhase;
			buildActionMask = 2147483647;
			files = (
				AE8D0E879ADE3D0D6C5FBB9C /* Pods_AppStoreClone.framework in Frameworks */,
			);
			runOnlyForDeploymentPostprocessing = 0;
		};
		21179B21234ED11900544933 /* Frameworks */ = {
			isa = PBXFrameworksBuildPhase;
			buildActionMask = 2147483647;
			files = (
				2CC0C67B097B564A8874DA2D /* Pods_AppStoreCloneTests.framework in Frameworks */,
			);
			runOnlyForDeploymentPostprocessing = 0;
		};
		21179B2C234ED11900544933 /* Frameworks */ = {
			isa = PBXFrameworksBuildPhase;
			buildActionMask = 2147483647;
			files = (
				5D9ECA215DE03EBF9AF51E33 /* Pods_AppStoreCloneUITests.framework in Frameworks */,
			);
			runOnlyForDeploymentPostprocessing = 0;
		};
/* End PBXFrameworksBuildPhase section */

/* Begin PBXGroup section */
		21179B02234ED11700544933 = {
			isa = PBXGroup;
			children = (
				21179B0D234ED11700544933 /* AppStoreClone */,
				21179B27234ED11900544933 /* AppStoreCloneTests */,
				21179B32234ED11900544933 /* AppStoreCloneUITests */,
				21179B0C234ED11700544933 /* Products */,
				BF3072DE86425CB9142ADFF2 /* Pods */,
				F9A0F93C12F124766A93CAE1 /* Frameworks */,
			);
			sourceTree = "<group>";
		};
		21179B0C234ED11700544933 /* Products */ = {
			isa = PBXGroup;
			children = (
				21179B0B234ED11700544933 /* AppStoreClone.app */,
				21179B24234ED11900544933 /* AppStoreCloneTests.xctest */,
				21179B2F234ED11900544933 /* AppStoreCloneUITests.xctest */,
			);
			name = Products;
			sourceTree = "<group>";
		};
		21179B0D234ED11700544933 /* AppStoreClone */ = {
			isa = PBXGroup;
			children = (
				21F5B3E42373BA950071060B /* Environment */,
				21324DFD235804C800A84CFA /* Scenes */,
				21179B0E234ED11700544933 /* AppDelegate.swift */,
				21179B10234ED11700544933 /* SceneDelegate.swift */,
				21179B15234ED11700544933 /* ContentView.swift */,
				21179B17234ED11900544933 /* Assets.xcassets */,
				21179B1C234ED11900544933 /* LaunchScreen.storyboard */,
				21179B1F234ED11900544933 /* Info.plist */,
				21179B12234ED11700544933 /* AppStoreClone.xcdatamodeld */,
				21179B19234ED11900544933 /* Preview Content */,
			);
			path = AppStoreClone;
			sourceTree = "<group>";
		};
		21179B19234ED11900544933 /* Preview Content */ = {
			isa = PBXGroup;
			children = (
				21179B1A234ED11900544933 /* Preview Assets.xcassets */,
			);
			path = "Preview Content";
			sourceTree = "<group>";
		};
		21179B27234ED11900544933 /* AppStoreCloneTests */ = {
			isa = PBXGroup;
			children = (
				21179B28234ED11900544933 /* AppStoreCloneTests.swift */,
				21179B2A234ED11900544933 /* Info.plist */,
			);
			path = AppStoreCloneTests;
			sourceTree = "<group>";
		};
		21179B32234ED11900544933 /* AppStoreCloneUITests */ = {
			isa = PBXGroup;
			children = (
				21179B33234ED11900544933 /* AppStoreCloneUITests.swift */,
				21179B35234ED11900544933 /* Info.plist */,
			);
			path = AppStoreCloneUITests;
			sourceTree = "<group>";
		};
		21324DFD235804C800A84CFA /* Scenes */ = {
			isa = PBXGroup;
			children = (
				215870B12373B5D900180D28 /* Search */,
				215870BC2373B5D900180D28 /* SearchResult */,
				21324E0123580B4B00A84CFA /* Search.swift */,
			);
			path = Scenes;
			sourceTree = "<group>";
		};
		215870B12373B5D900180D28 /* Search */ = {
			isa = PBXGroup;
			children = (
				215870B22373B5D900180D28 /* SearchContract.swift */,
				215870B32373B5D900180D28 /* SearchRouter.swift */,
				215870B42373B5D900180D28 /* Presentation */,
			);
			path = Search;
			sourceTree = "<group>";
		};
		215870B42373B5D900180D28 /* Presentation */ = {
			isa = PBXGroup;
			children = (
				215870B52373B5D900180D28 /* SearchPresenter.swift */,
				215870B72373B5D900180D28 /* View */,
			);
			path = Presentation;
			sourceTree = "<group>";
		};
		215870B72373B5D900180D28 /* View */ = {
			isa = PBXGroup;
			children = (
				215870B82373B5D900180D28 /* SearchViewController.swift */,
			);
			path = View;
			sourceTree = "<group>";
		};
		215870BC2373B5D900180D28 /* SearchResult */ = {
			isa = PBXGroup;
			children = (
				215870BD2373B5D900180D28 /* SearchResultContract.swift */,
				215870BE2373B5D900180D28 /* SearchResultRouter.swift */,
				215870BF2373B5D900180D28 /* Presentation */,
			);
			path = SearchResult;
			sourceTree = "<group>";
		};
		215870BF2373B5D900180D28 /* Presentation */ = {
			isa = PBXGroup;
			children = (
				215870C12373B5D900180D28 /* View */,
				215870C72373B5D900180D28 /* SearchResultPresenter.swift */,
			);
			path = Presentation;
			sourceTree = "<group>";
		};
		215870C12373B5D900180D28 /* View */ = {
			isa = PBXGroup;
			children = (
				215870C22373B5D900180D28 /* SearchHistoryViewController.xib */,
				215870C32373B5D900180D28 /* Cell */,
				215870C62373B5D900180D28 /* SearchResultViewController.swift */,
			);
			path = View;
			sourceTree = "<group>";
		};
		215870C32373B5D900180D28 /* Cell */ = {
			isa = PBXGroup;
			children = (
				215870C42373B5D900180D28 /* HistoryCell.xib */,
				215870C52373B5D900180D28 /* HistoryCell.swift */,
			);
			path = Cell;
			sourceTree = "<group>";
		};
		21F5B3E42373BA950071060B /* Environment */ = {
			isa = PBXGroup;
			children = (
				21F5B3E92373BACF0071060B /* NSObject+extension.swift */,
				21F5B3ED2373BAD00071060B /* UIAlertController+extension.swift */,
				21F5B3EA2373BACF0071060B /* UIColor+extension.swift */,
				21F5B3E82373BACF0071060B /* UITableView+extension.swift */,
				21F5B3EB2373BACF0071060B /* UIView+extension.swift */,
				21F5B3E52373BA9F0071060B /* String+extension.swift */,
			);
			path = Environment;
			sourceTree = "<group>";
		};
		BF3072DE86425CB9142ADFF2 /* Pods */ = {
			isa = PBXGroup;
			children = (
				B1D62AA62A62764D815B8B14 /* Pods-AppStoreClone.debug.xcconfig */,
				26F2EABF6DFA99D7FF22489C /* Pods-AppStoreClone.release.xcconfig */,
				59E30557E7DD06F6F98E666D /* Pods-AppStoreCloneTests.debug.xcconfig */,
				7EC21A463E70A3149E52FFFB /* Pods-AppStoreCloneTests.release.xcconfig */,
				3C3DAA1936ED14C1619011B7 /* Pods-AppStoreCloneUITests.debug.xcconfig */,
				5D14D6037CFEAC37ADFE53F3 /* Pods-AppStoreCloneUITests.release.xcconfig */,
			);
			name = Pods;
			sourceTree = "<group>";
		};
		F9A0F93C12F124766A93CAE1 /* Frameworks */ = {
			isa = PBXGroup;
			children = (
				6C59E72FB18A9168892D1BB6 /* Pods_AppStoreClone.framework */,
				273C2A9A813818854650653B /* Pods_AppStoreCloneTests.framework */,
				FFB2748F608782CC201118E0 /* Pods_AppStoreCloneUITests.framework */,
			);
			name = Frameworks;
			sourceTree = "<group>";
		};
/* End PBXGroup section */

/* Begin PBXNativeTarget section */
		21179B0A234ED11700544933 /* AppStoreClone */ = {
			isa = PBXNativeTarget;
			buildConfigurationList = 21179B38234ED11900544933 /* Build configuration list for PBXNativeTarget "AppStoreClone" */;
			buildPhases = (
				DC23460D7C8B97F964176160 /* [CP] Check Pods Manifest.lock */,
				21179B07234ED11700544933 /* Sources */,
				21179B08234ED11700544933 /* Frameworks */,
				21179B09234ED11700544933 /* Resources */,
			);
			buildRules = (
			);
			dependencies = (
			);
			name = AppStoreClone;
			productName = AppStoreClone;
			productReference = 21179B0B234ED11700544933 /* AppStoreClone.app */;
			productType = "com.apple.product-type.application";
		};
		21179B23234ED11900544933 /* AppStoreCloneTests */ = {
			isa = PBXNativeTarget;
			buildConfigurationList = 21179B3B234ED11900544933 /* Build configuration list for PBXNativeTarget "AppStoreCloneTests" */;
			buildPhases = (
				73A7042CEE2F467E6F99FC58 /* [CP] Check Pods Manifest.lock */,
				21179B20234ED11900544933 /* Sources */,
				21179B21234ED11900544933 /* Frameworks */,
				21179B22234ED11900544933 /* Resources */,
			);
			buildRules = (
			);
			dependencies = (
				21179B26234ED11900544933 /* PBXTargetDependency */,
			);
			name = AppStoreCloneTests;
			productName = AppStoreCloneTests;
			productReference = 21179B24234ED11900544933 /* AppStoreCloneTests.xctest */;
			productType = "com.apple.product-type.bundle.unit-test";
		};
		21179B2E234ED11900544933 /* AppStoreCloneUITests */ = {
			isa = PBXNativeTarget;
			buildConfigurationList = 21179B3E234ED11900544933 /* Build configuration list for PBXNativeTarget "AppStoreCloneUITests" */;
			buildPhases = (
				153599F2F372AF55F5261F1C /* [CP] Check Pods Manifest.lock */,
				21179B2B234ED11900544933 /* Sources */,
				21179B2C234ED11900544933 /* Frameworks */,
				21179B2D234ED11900544933 /* Resources */,
			);
			buildRules = (
			);
			dependencies = (
				21179B31234ED11900544933 /* PBXTargetDependency */,
			);
			name = AppStoreCloneUITests;
			productName = AppStoreCloneUITests;
			productReference = 21179B2F234ED11900544933 /* AppStoreCloneUITests.xctest */;
			productType = "com.apple.product-type.bundle.ui-testing";
		};
/* End PBXNativeTarget section */

/* Begin PBXProject section */
		21179B03234ED11700544933 /* Project object */ = {
			isa = PBXProject;
			attributes = {
				LastSwiftUpdateCheck = 1110;
				LastUpgradeCheck = 1110;
				ORGANIZATIONNAME = "Yuka Matsuo";
				TargetAttributes = {
					21179B0A234ED11700544933 = {
						CreatedOnToolsVersion = 11.1;
					};
					21179B23234ED11900544933 = {
						CreatedOnToolsVersion = 11.1;
						TestTargetID = 21179B0A234ED11700544933;
					};
					21179B2E234ED11900544933 = {
						CreatedOnToolsVersion = 11.1;
						TestTargetID = 21179B0A234ED11700544933;
					};
				};
			};
			buildConfigurationList = 21179B06234ED11700544933 /* Build configuration list for PBXProject "AppStoreClone" */;
			compatibilityVersion = "Xcode 9.3";
			developmentRegion = en;
			hasScannedForEncodings = 0;
			knownRegions = (
				en,
				Base,
			);
			mainGroup = 21179B02234ED11700544933;
			productRefGroup = 21179B0C234ED11700544933 /* Products */;
			projectDirPath = "";
			projectRoot = "";
			targets = (
				21179B0A234ED11700544933 /* AppStoreClone */,
				21179B23234ED11900544933 /* AppStoreCloneTests */,
				21179B2E234ED11900544933 /* AppStoreCloneUITests */,
			);
		};
/* End PBXProject section */

/* Begin PBXResourcesBuildPhase section */
		21179B09234ED11700544933 /* Resources */ = {
			isa = PBXResourcesBuildPhase;
			buildActionMask = 2147483647;
			files = (
				215870D22373B5D900180D28 /* SearchHistoryViewController.xib in Resources */,
				21179B1E234ED11900544933 /* LaunchScreen.storyboard in Resources */,
				21179B1B234ED11900544933 /* Preview Assets.xcassets in Resources */,
				215870D32373B5D900180D28 /* HistoryCell.xib in Resources */,
				21179B18234ED11900544933 /* Assets.xcassets in Resources */,
			);
			runOnlyForDeploymentPostprocessing = 0;
		};
		21179B22234ED11900544933 /* Resources */ = {
			isa = PBXResourcesBuildPhase;
			buildActionMask = 2147483647;
			files = (
			);
			runOnlyForDeploymentPostprocessing = 0;
		};
		21179B2D234ED11900544933 /* Resources */ = {
			isa = PBXResourcesBuildPhase;
			buildActionMask = 2147483647;
			files = (
			);
			runOnlyForDeploymentPostprocessing = 0;
		};
/* End PBXResourcesBuildPhase section */

/* Begin PBXShellScriptBuildPhase section */
		153599F2F372AF55F5261F1C /* [CP] Check Pods Manifest.lock */ = {
			isa = PBXShellScriptBuildPhase;
			buildActionMask = 2147483647;
			files = (
			);
			inputFileListPaths = (
			);
			inputPaths = (
				"${PODS_PODFILE_DIR_PATH}/Podfile.lock",
				"${PODS_ROOT}/Manifest.lock",
			);
			name = "[CP] Check Pods Manifest.lock";
			outputFileListPaths = (
			);
			outputPaths = (
				"$(DERIVED_FILE_DIR)/Pods-AppStoreCloneUITests-checkManifestLockResult.txt",
			);
			runOnlyForDeploymentPostprocessing = 0;
			shellPath = /bin/sh;
			shellScript = "diff \"${PODS_PODFILE_DIR_PATH}/Podfile.lock\" \"${PODS_ROOT}/Manifest.lock\" > /dev/null\nif [ $? != 0 ] ; then\n    # print error to STDERR\n    echo \"error: The sandbox is not in sync with the Podfile.lock. Run 'pod install' or update your CocoaPods installation.\" >&2\n    exit 1\nfi\n# This output is used by Xcode 'outputs' to avoid re-running this script phase.\necho \"SUCCESS\" > \"${SCRIPT_OUTPUT_FILE_0}\"\n";
			showEnvVarsInLog = 0;
		};
		73A7042CEE2F467E6F99FC58 /* [CP] Check Pods Manifest.lock */ = {
			isa = PBXShellScriptBuildPhase;
			buildActionMask = 2147483647;
			files = (
			);
			inputFileListPaths = (
			);
			inputPaths = (
				"${PODS_PODFILE_DIR_PATH}/Podfile.lock",
				"${PODS_ROOT}/Manifest.lock",
			);
			name = "[CP] Check Pods Manifest.lock";
			outputFileListPaths = (
			);
			outputPaths = (
				"$(DERIVED_FILE_DIR)/Pods-AppStoreCloneTests-checkManifestLockResult.txt",
			);
			runOnlyForDeploymentPostprocessing = 0;
			shellPath = /bin/sh;
			shellScript = "diff \"${PODS_PODFILE_DIR_PATH}/Podfile.lock\" \"${PODS_ROOT}/Manifest.lock\" > /dev/null\nif [ $? != 0 ] ; then\n    # print error to STDERR\n    echo \"error: The sandbox is not in sync with the Podfile.lock. Run 'pod install' or update your CocoaPods installation.\" >&2\n    exit 1\nfi\n# This output is used by Xcode 'outputs' to avoid re-running this script phase.\necho \"SUCCESS\" > \"${SCRIPT_OUTPUT_FILE_0}\"\n";
			showEnvVarsInLog = 0;
		};
		DC23460D7C8B97F964176160 /* [CP] Check Pods Manifest.lock */ = {
			isa = PBXShellScriptBuildPhase;
			buildActionMask = 2147483647;
			files = (
			);
			inputFileListPaths = (
			);
			inputPaths = (
				"${PODS_PODFILE_DIR_PATH}/Podfile.lock",
				"${PODS_ROOT}/Manifest.lock",
			);
			name = "[CP] Check Pods Manifest.lock";
			outputFileListPaths = (
			);
			outputPaths = (
				"$(DERIVED_FILE_DIR)/Pods-AppStoreClone-checkManifestLockResult.txt",
			);
			runOnlyForDeploymentPostprocessing = 0;
			shellPath = /bin/sh;
			shellScript = "diff \"${PODS_PODFILE_DIR_PATH}/Podfile.lock\" \"${PODS_ROOT}/Manifest.lock\" > /dev/null\nif [ $? != 0 ] ; then\n    # print error to STDERR\n    echo \"error: The sandbox is not in sync with the Podfile.lock. Run 'pod install' or update your CocoaPods installation.\" >&2\n    exit 1\nfi\n# This output is used by Xcode 'outputs' to avoid re-running this script phase.\necho \"SUCCESS\" > \"${SCRIPT_OUTPUT_FILE_0}\"\n";
			showEnvVarsInLog = 0;
		};
/* End PBXShellScriptBuildPhase section */

/* Begin PBXSourcesBuildPhase section */
		21179B07234ED11700544933 /* Sources */ = {
			isa = PBXSourcesBuildPhase;
			buildActionMask = 2147483647;
			files = (
				215870CF2373B5D900180D28 /* SearchResultContract.swift in Sources */,
				21179B0F234ED11700544933 /* AppDelegate.swift in Sources */,
				215870C92373B5D900180D28 /* SearchRouter.swift in Sources */,
				21F5B3F12373BAD00071060B /* UIColor+extension.swift in Sources */,
				21F5B3EF2373BAD00071060B /* UITableView+extension.swift in Sources */,
				215870CA2373B5D900180D28 /* SearchPresenter.swift in Sources */,
				21F5B3F02373BAD00071060B /* NSObject+extension.swift in Sources */,
				21F5B3E62373BA9F0071060B /* String+extension.swift in Sources */,
				21179B11234ED11700544933 /* SceneDelegate.swift in Sources */,
				215870D62373B5D900180D28 /* SearchResultPresenter.swift in Sources */,
				215870D02373B5D900180D28 /* SearchResultRouter.swift in Sources */,
				21179B16234ED11700544933 /* ContentView.swift in Sources */,
				21F5B3F22373BAD00071060B /* UIView+extension.swift in Sources */,
				215870D52373B5D900180D28 /* SearchResultViewController.swift in Sources */,
				215870D42373B5D900180D28 /* HistoryCell.swift in Sources */,
				21324E0223580B4B00A84CFA /* Search.swift in Sources */,
				21F5B3F42373BAD00071060B /* UIAlertController+extension.swift in Sources */,
				21179B14234ED11700544933 /* AppStoreClone.xcdatamodeld in Sources */,
				215870CC2373B5D900180D28 /* SearchViewController.swift in Sources */,
				215870C82373B5D900180D28 /* SearchContract.swift in Sources */,
			);
			runOnlyForDeploymentPostprocessing = 0;
		};
		21179B20234ED11900544933 /* Sources */ = {
			isa = PBXSourcesBuildPhase;
			buildActionMask = 2147483647;
			files = (
				21179B29234ED11900544933 /* AppStoreCloneTests.swift in Sources */,
			);
			runOnlyForDeploymentPostprocessing = 0;
		};
		21179B2B234ED11900544933 /* Sources */ = {
			isa = PBXSourcesBuildPhase;
			buildActionMask = 2147483647;
			files = (
				21179B34234ED11900544933 /* AppStoreCloneUITests.swift in Sources */,
			);
			runOnlyForDeploymentPostprocessing = 0;
		};
/* End PBXSourcesBuildPhase section */

/* Begin PBXTargetDependency section */
		21179B26234ED11900544933 /* PBXTargetDependency */ = {
			isa = PBXTargetDependency;
			target = 21179B0A234ED11700544933 /* AppStoreClone */;
			targetProxy = 21179B25234ED11900544933 /* PBXContainerItemProxy */;
		};
		21179B31234ED11900544933 /* PBXTargetDependency */ = {
			isa = PBXTargetDependency;
			target = 21179B0A234ED11700544933 /* AppStoreClone */;
			targetProxy = 21179B30234ED11900544933 /* PBXContainerItemProxy */;
		};
/* End PBXTargetDependency section */

/* Begin PBXVariantGroup section */
		21179B1C234ED11900544933 /* LaunchScreen.storyboard */ = {
			isa = PBXVariantGroup;
			children = (
				21179B1D234ED11900544933 /* Base */,
			);
			name = LaunchScreen.storyboard;
			sourceTree = "<group>";
		};
/* End PBXVariantGroup section */

/* Begin XCBuildConfiguration section */
		21179B36234ED11900544933 /* Debug */ = {
			isa = XCBuildConfiguration;
			buildSettings = {
				ALWAYS_SEARCH_USER_PATHS = NO;
				CLANG_ANALYZER_NONNULL = YES;
				CLANG_ANALYZER_NUMBER_OBJECT_CONVERSION = YES_AGGRESSIVE;
				CLANG_CXX_LANGUAGE_STANDARD = "gnu++14";
				CLANG_CXX_LIBRARY = "libc++";
				CLANG_ENABLE_MODULES = YES;
				CLANG_ENABLE_OBJC_ARC = YES;
				CLANG_ENABLE_OBJC_WEAK = YES;
				CLANG_WARN_BLOCK_CAPTURE_AUTORELEASING = YES;
				CLANG_WARN_BOOL_CONVERSION = YES;
				CLANG_WARN_COMMA = YES;
				CLANG_WARN_CONSTANT_CONVERSION = YES;
				CLANG_WARN_DEPRECATED_OBJC_IMPLEMENTATIONS = YES;
				CLANG_WARN_DIRECT_OBJC_ISA_USAGE = YES_ERROR;
				CLANG_WARN_DOCUMENTATION_COMMENTS = YES;
				CLANG_WARN_EMPTY_BODY = YES;
				CLANG_WARN_ENUM_CONVERSION = YES;
				CLANG_WARN_INFINITE_RECURSION = YES;
				CLANG_WARN_INT_CONVERSION = YES;
				CLANG_WARN_NON_LITERAL_NULL_CONVERSION = YES;
				CLANG_WARN_OBJC_IMPLICIT_RETAIN_SELF = YES;
				CLANG_WARN_OBJC_LITERAL_CONVERSION = YES;
				CLANG_WARN_OBJC_ROOT_CLASS = YES_ERROR;
				CLANG_WARN_RANGE_LOOP_ANALYSIS = YES;
				CLANG_WARN_STRICT_PROTOTYPES = YES;
				CLANG_WARN_SUSPICIOUS_MOVE = YES;
				CLANG_WARN_UNGUARDED_AVAILABILITY = YES_AGGRESSIVE;
				CLANG_WARN_UNREACHABLE_CODE = YES;
				CLANG_WARN__DUPLICATE_METHOD_MATCH = YES;
				COPY_PHASE_STRIP = NO;
				DEBUG_INFORMATION_FORMAT = dwarf;
				ENABLE_STRICT_OBJC_MSGSEND = YES;
				ENABLE_TESTABILITY = YES;
				GCC_C_LANGUAGE_STANDARD = gnu11;
				GCC_DYNAMIC_NO_PIC = NO;
				GCC_NO_COMMON_BLOCKS = YES;
				GCC_OPTIMIZATION_LEVEL = 0;
				GCC_PREPROCESSOR_DEFINITIONS = (
					"DEBUG=1",
					"$(inherited)",
				);
				GCC_WARN_64_TO_32_BIT_CONVERSION = YES;
				GCC_WARN_ABOUT_RETURN_TYPE = YES_ERROR;
				GCC_WARN_UNDECLARED_SELECTOR = YES;
				GCC_WARN_UNINITIALIZED_AUTOS = YES_AGGRESSIVE;
				GCC_WARN_UNUSED_FUNCTION = YES;
				GCC_WARN_UNUSED_VARIABLE = YES;
				IPHONEOS_DEPLOYMENT_TARGET = 13.1;
				MTL_ENABLE_DEBUG_INFO = INCLUDE_SOURCE;
				MTL_FAST_MATH = YES;
				ONLY_ACTIVE_ARCH = YES;
				SDKROOT = iphoneos;
				SWIFT_ACTIVE_COMPILATION_CONDITIONS = DEBUG;
				SWIFT_OPTIMIZATION_LEVEL = "-Onone";
			};
			name = Debug;
		};
		21179B37234ED11900544933 /* Release */ = {
			isa = XCBuildConfiguration;
			buildSettings = {
				ALWAYS_SEARCH_USER_PATHS = NO;
				CLANG_ANALYZER_NONNULL = YES;
				CLANG_ANALYZER_NUMBER_OBJECT_CONVERSION = YES_AGGRESSIVE;
				CLANG_CXX_LANGUAGE_STANDARD = "gnu++14";
				CLANG_CXX_LIBRARY = "libc++";
				CLANG_ENABLE_MODULES = YES;
				CLANG_ENABLE_OBJC_ARC = YES;
				CLANG_ENABLE_OBJC_WEAK = YES;
				CLANG_WARN_BLOCK_CAPTURE_AUTORELEASING = YES;
				CLANG_WARN_BOOL_CONVERSION = YES;
				CLANG_WARN_COMMA = YES;
				CLANG_WARN_CONSTANT_CONVERSION = YES;
				CLANG_WARN_DEPRECATED_OBJC_IMPLEMENTATIONS = YES;
				CLANG_WARN_DIRECT_OBJC_ISA_USAGE = YES_ERROR;
				CLANG_WARN_DOCUMENTATION_COMMENTS = YES;
				CLANG_WARN_EMPTY_BODY = YES;
				CLANG_WARN_ENUM_CONVERSION = YES;
				CLANG_WARN_INFINITE_RECURSION = YES;
				CLANG_WARN_INT_CONVERSION = YES;
				CLANG_WARN_NON_LITERAL_NULL_CONVERSION = YES;
				CLANG_WARN_OBJC_IMPLICIT_RETAIN_SELF = YES;
				CLANG_WARN_OBJC_LITERAL_CONVERSION = YES;
				CLANG_WARN_OBJC_ROOT_CLASS = YES_ERROR;
				CLANG_WARN_RANGE_LOOP_ANALYSIS = YES;
				CLANG_WARN_STRICT_PROTOTYPES = YES;
				CLANG_WARN_SUSPICIOUS_MOVE = YES;
				CLANG_WARN_UNGUARDED_AVAILABILITY = YES_AGGRESSIVE;
				CLANG_WARN_UNREACHABLE_CODE = YES;
				CLANG_WARN__DUPLICATE_METHOD_MATCH = YES;
				COPY_PHASE_STRIP = NO;
				DEBUG_INFORMATION_FORMAT = "dwarf-with-dsym";
				ENABLE_NS_ASSERTIONS = NO;
				ENABLE_STRICT_OBJC_MSGSEND = YES;
				GCC_C_LANGUAGE_STANDARD = gnu11;
				GCC_NO_COMMON_BLOCKS = YES;
				GCC_WARN_64_TO_32_BIT_CONVERSION = YES;
				GCC_WARN_ABOUT_RETURN_TYPE = YES_ERROR;
				GCC_WARN_UNDECLARED_SELECTOR = YES;
				GCC_WARN_UNINITIALIZED_AUTOS = YES_AGGRESSIVE;
				GCC_WARN_UNUSED_FUNCTION = YES;
				GCC_WARN_UNUSED_VARIABLE = YES;
				IPHONEOS_DEPLOYMENT_TARGET = 13.1;
				MTL_ENABLE_DEBUG_INFO = NO;
				MTL_FAST_MATH = YES;
				SDKROOT = iphoneos;
				SWIFT_COMPILATION_MODE = wholemodule;
				SWIFT_OPTIMIZATION_LEVEL = "-O";
				VALIDATE_PRODUCT = YES;
			};
			name = Release;
		};
		21179B39234ED11900544933 /* Debug */ = {
			isa = XCBuildConfiguration;
			baseConfigurationReference = B1D62AA62A62764D815B8B14 /* Pods-AppStoreClone.debug.xcconfig */;
			buildSettings = {
				ASSETCATALOG_COMPILER_APPICON_NAME = AppIcon;
				CODE_SIGN_STYLE = Automatic;
				DEVELOPMENT_ASSET_PATHS = "\"AppStoreClone/Preview Content\"";
				ENABLE_PREVIEWS = YES;
				INFOPLIST_FILE = AppStoreClone/Info.plist;
				LD_RUNPATH_SEARCH_PATHS = (
					"$(inherited)",
					"@executable_path/Frameworks",
				);
				PRODUCT_BUNDLE_IDENTIFIER = "com.matsuo.yuka.appstore-clone.AppStoreClone";
				PRODUCT_NAME = "$(TARGET_NAME)";
				SWIFT_VERSION = 5.0;
				TARGETED_DEVICE_FAMILY = "1,2";
			};
			name = Debug;
		};
		21179B3A234ED11900544933 /* Release */ = {
			isa = XCBuildConfiguration;
			baseConfigurationReference = 26F2EABF6DFA99D7FF22489C /* Pods-AppStoreClone.release.xcconfig */;
			buildSettings = {
				ASSETCATALOG_COMPILER_APPICON_NAME = AppIcon;
				CODE_SIGN_STYLE = Automatic;
				DEVELOPMENT_ASSET_PATHS = "\"AppStoreClone/Preview Content\"";
				ENABLE_PREVIEWS = YES;
				INFOPLIST_FILE = AppStoreClone/Info.plist;
				LD_RUNPATH_SEARCH_PATHS = (
					"$(inherited)",
					"@executable_path/Frameworks",
				);
				PRODUCT_BUNDLE_IDENTIFIER = "com.matsuo.yuka.appstore-clone.AppStoreClone";
				PRODUCT_NAME = "$(TARGET_NAME)";
				SWIFT_VERSION = 5.0;
				TARGETED_DEVICE_FAMILY = "1,2";
			};
			name = Release;
		};
		21179B3C234ED11900544933 /* Debug */ = {
			isa = XCBuildConfiguration;
			baseConfigurationReference = 59E30557E7DD06F6F98E666D /* Pods-AppStoreCloneTests.debug.xcconfig */;
			buildSettings = {
				ALWAYS_EMBED_SWIFT_STANDARD_LIBRARIES = YES;
				BUNDLE_LOADER = "$(TEST_HOST)";
				CODE_SIGN_STYLE = Automatic;
				INFOPLIST_FILE = AppStoreCloneTests/Info.plist;
				IPHONEOS_DEPLOYMENT_TARGET = 13.1;
				LD_RUNPATH_SEARCH_PATHS = (
					"$(inherited)",
					"@executable_path/Frameworks",
					"@loader_path/Frameworks",
				);
				PRODUCT_BUNDLE_IDENTIFIER = "com.matsuo.yuka.appstore-clone.AppStoreCloneTests";
				PRODUCT_NAME = "$(TARGET_NAME)";
				SWIFT_VERSION = 5.0;
				TARGETED_DEVICE_FAMILY = "1,2";
				TEST_HOST = "$(BUILT_PRODUCTS_DIR)/AppStoreClone.app/AppStoreClone";
			};
			name = Debug;
		};
		21179B3D234ED11900544933 /* Release */ = {
			isa = XCBuildConfiguration;
			baseConfigurationReference = 7EC21A463E70A3149E52FFFB /* Pods-AppStoreCloneTests.release.xcconfig */;
			buildSettings = {
				ALWAYS_EMBED_SWIFT_STANDARD_LIBRARIES = YES;
				BUNDLE_LOADER = "$(TEST_HOST)";
				CODE_SIGN_STYLE = Automatic;
				INFOPLIST_FILE = AppStoreCloneTests/Info.plist;
				IPHONEOS_DEPLOYMENT_TARGET = 13.1;
				LD_RUNPATH_SEARCH_PATHS = (
					"$(inherited)",
					"@executable_path/Frameworks",
					"@loader_path/Frameworks",
				);
				PRODUCT_BUNDLE_IDENTIFIER = "com.matsuo.yuka.appstore-clone.AppStoreCloneTests";
				PRODUCT_NAME = "$(TARGET_NAME)";
				SWIFT_VERSION = 5.0;
				TARGETED_DEVICE_FAMILY = "1,2";
				TEST_HOST = "$(BUILT_PRODUCTS_DIR)/AppStoreClone.app/AppStoreClone";
			};
			name = Release;
		};
		21179B3F234ED11900544933 /* Debug */ = {
			isa = XCBuildConfiguration;
			baseConfigurationReference = 3C3DAA1936ED14C1619011B7 /* Pods-AppStoreCloneUITests.debug.xcconfig */;
			buildSettings = {
				ALWAYS_EMBED_SWIFT_STANDARD_LIBRARIES = YES;
				CODE_SIGN_STYLE = Automatic;
				INFOPLIST_FILE = AppStoreCloneUITests/Info.plist;
				LD_RUNPATH_SEARCH_PATHS = (
					"$(inherited)",
					"@executable_path/Frameworks",
					"@loader_path/Frameworks",
				);
				PRODUCT_BUNDLE_IDENTIFIER = "com.matsuo.yuka.appstore-clone.AppStoreCloneUITests";
				PRODUCT_NAME = "$(TARGET_NAME)";
				SWIFT_VERSION = 5.0;
				TARGETED_DEVICE_FAMILY = "1,2";
				TEST_TARGET_NAME = AppStoreClone;
			};
			name = Debug;
		};
		21179B40234ED11900544933 /* Release */ = {
			isa = XCBuildConfiguration;
			baseConfigurationReference = 5D14D6037CFEAC37ADFE53F3 /* Pods-AppStoreCloneUITests.release.xcconfig */;
			buildSettings = {
				ALWAYS_EMBED_SWIFT_STANDARD_LIBRARIES = YES;
				CODE_SIGN_STYLE = Automatic;
				INFOPLIST_FILE = AppStoreCloneUITests/Info.plist;
				LD_RUNPATH_SEARCH_PATHS = (
					"$(inherited)",
					"@executable_path/Frameworks",
					"@loader_path/Frameworks",
				);
				PRODUCT_BUNDLE_IDENTIFIER = "com.matsuo.yuka.appstore-clone.AppStoreCloneUITests";
				PRODUCT_NAME = "$(TARGET_NAME)";
				SWIFT_VERSION = 5.0;
				TARGETED_DEVICE_FAMILY = "1,2";
				TEST_TARGET_NAME = AppStoreClone;
			};
			name = Release;
		};
/* End XCBuildConfiguration section */

/* Begin XCConfigurationList section */
		21179B06234ED11700544933 /* Build configuration list for PBXProject "AppStoreClone" */ = {
			isa = XCConfigurationList;
			buildConfigurations = (
				21179B36234ED11900544933 /* Debug */,
				21179B37234ED11900544933 /* Release */,
			);
			defaultConfigurationIsVisible = 0;
			defaultConfigurationName = Release;
		};
		21179B38234ED11900544933 /* Build configuration list for PBXNativeTarget "AppStoreClone" */ = {
			isa = XCConfigurationList;
			buildConfigurations = (
				21179B39234ED11900544933 /* Debug */,
				21179B3A234ED11900544933 /* Release */,
			);
			defaultConfigurationIsVisible = 0;
			defaultConfigurationName = Release;
		};
		21179B3B234ED11900544933 /* Build configuration list for PBXNativeTarget "AppStoreCloneTests" */ = {
			isa = XCConfigurationList;
			buildConfigurations = (
				21179B3C234ED11900544933 /* Debug */,
				21179B3D234ED11900544933 /* Release */,
			);
			defaultConfigurationIsVisible = 0;
			defaultConfigurationName = Release;
		};
		21179B3E234ED11900544933 /* Build configuration list for PBXNativeTarget "AppStoreCloneUITests" */ = {
			isa = XCConfigurationList;
			buildConfigurations = (
				21179B3F234ED11900544933 /* Debug */,
				21179B40234ED11900544933 /* Release */,
			);
			defaultConfigurationIsVisible = 0;
			defaultConfigurationName = Release;
		};
/* End XCConfigurationList section */

/* Begin XCVersionGroup section */
		21179B12234ED11700544933 /* AppStoreClone.xcdatamodeld */ = {
			isa = XCVersionGroup;
			children = (
				21179B13234ED11700544933 /* AppStoreClone.xcdatamodel */,
			);
			currentVersion = 21179B13234ED11700544933 /* AppStoreClone.xcdatamodel */;
			path = AppStoreClone.xcdatamodeld;
			sourceTree = "<group>";
			versionGroupType = wrapper.xcdatamodel;
		};
/* End XCVersionGroup section */
	};
	rootObject = 21179B03234ED11700544933 /* Project object */;
}
